
Microsoft Visual Studio Solution File, Format Version 12.00
Project("{FAE04EC0-301F-11D3-BF4B-00C04F79EFBC}") = "API", "API\API.csproj", "{B3A94912-36F1-4467-B703-33F2138F04D4}"
EndProject
Project("{2150E333-8FDC-42A3-9474-1A3956D46DE8}") = "Infrastructure", "Infrastructure", "{654D88B5-43C3-4EDC-8594-A809550B7A26}"
EndProject
Project("{FAE04EC0-301F-11D3-BF4B-00C04F79EFBC}") = "IOC", "IOC\IOC.csproj", "{0930E6A7-B697-4510-BDB0-50D6D94375EB}"
EndProject
Project("{2150E333-8FDC-42A3-9474-1A3956D46DE8}") = "Repositories", "Repositories", "{8FCF6906-1786-407C-BA1D-15D7350018D1}"
EndProject
Project("{FAE04EC0-301F-11D3-BF4B-00C04F79EFBC}") = "Mariadb", "Mariadb\Mariadb.csproj", "{3BF1DA8B-9D3B-42DB-8F46-D4D06C5DA066}"
EndProject
Project("{FAE04EC0-301F-11D3-BF4B-00C04F79EFBC}") = "CrossCutting", "CrossCutting\CrossCutting.csproj", "{9999C40F-EEB1-494E-9817-F4630AB41269}"
EndProject
Project("{2150E333-8FDC-42A3-9474-1A3956D46DE8}") = "Domain", "Domain", "{54A4A439-01ED-497D-9B2E-B649091B403F}"
EndProject
Project("{FAE04EC0-301F-11D3-BF4B-00C04F79EFBC}") = "Domain", "Domain\Domain.csproj", "{07088593-60CF-46F4-B83E-0261E928DBBC}"
EndProject
Global
	GlobalSection(SolutionConfigurationPlatforms) = preSolution
		Debug|Any CPU = Debug|Any CPU
		Release|Any CPU = Release|Any CPU
	EndGlobalSection
	GlobalSection(ProjectConfigurationPlatforms) = postSolution
		{B3A94912-36F1-4467-B703-33F2138F04D4}.Debug|Any CPU.ActiveCfg = Debug|Any CPU
		{B3A94912-36F1-4467-B703-33F2138F04D4}.Debug|Any CPU.Build.0 = Debug|Any CPU
		{B3A94912-36F1-4467-B703-33F2138F04D4}.Release|Any CPU.ActiveCfg = Release|Any CPU
		{B3A94912-36F1-4467-B703-33F2138F04D4}.Release|Any CPU.Build.0 = Release|Any CPU
		{0930E6A7-B697-4510-BDB0-50D6D94375EB}.Debug|Any CPU.ActiveCfg = Debug|Any CPU
		{0930E6A7-B697-4510-BDB0-50D6D94375EB}.Debug|Any CPU.Build.0 = Debug|Any CPU
		{0930E6A7-B697-4510-BDB0-50D6D94375EB}.Release|Any CPU.ActiveCfg = Release|Any CPU
		{0930E6A7-B697-4510-BDB0-50D6D94375EB}.Release|Any CPU.Build.0 = Release|Any CPU
		{3BF1DA8B-9D3B-42DB-8F46-D4D06C5DA066}.Debug|Any CPU.ActiveCfg = Debug|Any CPU
		{3BF1DA8B-9D3B-42DB-8F46-D4D06C5DA066}.Debug|Any CPU.Build.0 = Debug|Any CPU
		{3BF1DA8B-9D3B-42DB-8F46-D4D06C5DA066}.Release|Any CPU.ActiveCfg = Release|Any CPU
		{3BF1DA8B-9D3B-42DB-8F46-D4D06C5DA066}.Release|Any CPU.Build.0 = Release|Any CPU
		{9999C40F-EEB1-494E-9817-F4630AB41269}.Debug|Any CPU.ActiveCfg = Debug|Any CPU
		{9999C40F-EEB1-494E-9817-F4630AB41269}.Debug|Any CPU.Build.0 = Debug|Any CPU
		{9999C40F-EEB1-494E-9817-F4630AB41269}.Release|Any CPU.ActiveCfg = Release|Any CPU
		{9999C40F-EEB1-494E-9817-F4630AB41269}.Release|Any CPU.Build.0 = Release|Any CPU
		{07088593-60CF-46F4-B83E-0261E928DBBC}.Debug|Any CPU.ActiveCfg = Debug|Any CPU
		{07088593-60CF-46F4-B83E-0261E928DBBC}.Debug|Any CPU.Build.0 = Debug|Any CPU
		{07088593-60CF-46F4-B83E-0261E928DBBC}.Release|Any CPU.ActiveCfg = Release|Any CPU
		{07088593-60CF-46F4-B83E-0261E928DBBC}.Release|Any CPU.Build.0 = Release|Any CPU
	EndGlobalSection
	GlobalSection(NestedProjects) = preSolution
		{8FCF6906-1786-407C-BA1D-15D7350018D1} = {654D88B5-43C3-4EDC-8594-A809550B7A26}
		{3BF1DA8B-9D3B-42DB-8F46-D4D06C5DA066} = {8FCF6906-1786-407C-BA1D-15D7350018D1}
		{9999C40F-EEB1-494E-9817-F4630AB41269} = {654D88B5-43C3-4EDC-8594-A809550B7A26}
		{0930E6A7-B697-4510-BDB0-50D6D94375EB} = {654D88B5-43C3-4EDC-8594-A809550B7A26}
		{07088593-60CF-46F4-B83E-0261E928DBBC} = {54A4A439-01ED-497D-9B2E-B649091B403F}
	EndGlobalSection
EndGlobal
